// !$*UTF8*$!
{
	archiveVersion = 1;
	classes = {
	};
	objectVersion = 46;
	objects = {

/* Begin PBXBuildFile section */
		5779AA0A1DCC036200F753EC /* AppDelegate.swift in Sources */ = {isa = PBXBuildFile; fileRef = 5779AA091DCC036200F753EC /* AppDelegate.swift */; };
		5779AA0C1DCC036200F753EC /* RecordSoundsViewController.swift in Sources */ = {isa = PBXBuildFile; fileRef = 5779AA0B1DCC036200F753EC /* RecordSoundsViewController.swift */; };
		5779AA0F1DCC036200F753EC /* Main.storyboard in Resources */ = {isa = PBXBuildFile; fileRef = 5779AA0D1DCC036200F753EC /* Main.storyboard */; };
		5779AA111DCC036200F753EC /* Assets.xcassets in Resources */ = {isa = PBXBuildFile; fileRef = 5779AA101DCC036200F753EC /* Assets.xcassets */; };
		5779AA141DCC036200F753EC /* LaunchScreen.storyboard in Resources */ = {isa = PBXBuildFile; fileRef = 5779AA121DCC036200F753EC /* LaunchScreen.storyboard */; };
		5779AA1F1DCC036200F753EC /* PitchPerfectTests.swift in Sources */ = {isa = PBXBuildFile; fileRef = 5779AA1E1DCC036200F753EC /* PitchPerfectTests.swift */; };
		5779AA2A1DCC036200F753EC /* PitchPerfectUITests.swift in Sources */ = {isa = PBXBuildFile; fileRef = 5779AA291DCC036200F753EC /* PitchPerfectUITests.swift */; };
		57AFDDFC1DCDD59900E07577 /* PlaySoundsViewController.swift in Sources */ = {isa = PBXBuildFile; fileRef = 57AFDDFB1DCDD59900E07577 /* PlaySoundsViewController.swift */; };
		57AFDDFE1DCDE7B500E07577 /* playsoundsviewcontroller-audio.swift in Sources */ = {isa = PBXBuildFile; fileRef = 57AFDDFD1DCDE7B500E07577 /* playsoundsviewcontroller-audio.swift */; };
/* End PBXBuildFile section */

/* Begin PBXContainerItemProxy section */
		5779AA1B1DCC036200F753EC /* PBXContainerItemProxy */ = {
			isa = PBXContainerItemProxy;
			containerPortal = 5779A9FE1DCC036100F753EC /* Project object */;
			proxyType = 1;
			remoteGlobalIDString = 5779AA051DCC036100F753EC;
			remoteInfo = PitchPerfect;
		};
		5779AA261DCC036200F753EC /* PBXContainerItemProxy */ = {
			isa = PBXContainerItemProxy;
			containerPortal = 5779A9FE1DCC036100F753EC /* Project object */;
			proxyType = 1;
			remoteGlobalIDString = 5779AA051DCC036100F753EC;
			remoteInfo = PitchPerfect;
		};
/* End PBXContainerItemProxy section */

/* Begin PBXFileReference section */
		5779AA061DCC036100F753EC /* PitchPerfect.app */ = {isa = PBXFileReference; explicitFileType = wrapper.application; includeInIndex = 0; path = PitchPerfect.app; sourceTree = BUILT_PRODUCTS_DIR; };
		5779AA091DCC036200F753EC /* AppDelegate.swift */ = {isa = PBXFileReference; lastKnownFileType = sourcecode.swift; path = AppDelegate.swift; sourceTree = "<group>"; };
		5779AA0B1DCC036200F753EC /* RecordSoundsViewController.swift */ = {isa = PBXFileReference; lastKnownFileType = sourcecode.swift; path = RecordSoundsViewController.swift; sourceTree = "<group>"; };
		5779AA0E1DCC036200F753EC /* Base */ = {isa = PBXFileReference; lastKnownFileType = file.storyboard; name = Base; path = Base.lproj/Main.storyboard; sourceTree = "<group>"; };
		5779AA101DCC036200F753EC /* Assets.xcassets */ = {isa = PBXFileReference; lastKnownFileType = folder.assetcatalog; path = Assets.xcassets; sourceTree = "<group>"; };
		5779AA131DCC036200F753EC /* Base */ = {isa = PBXFileReference; lastKnownFileType = file.storyboard; name = Base; path = Base.lproj/LaunchScreen.storyboard; sourceTree = "<group>"; };
		5779AA151DCC036200F753EC /* Info.plist */ = {isa = PBXFileReference; lastKnownFileType = text.plist.xml; path = Info.plist; sourceTree = "<group>"; };
		5779AA1A1DCC036200F753EC /* PitchPerfectTests.xctest */ = {isa = PBXFileReference; explicitFileType = wrapper.cfbundle; includeInIndex = 0; path = PitchPerfectTests.xctest; sourceTree = BUILT_PRODUCTS_DIR; };
		5779AA1E1DCC036200F753EC /* PitchPerfectTests.swift */ = {isa = PBXFileReference; lastKnownFileType = sourcecode.swift; path = PitchPerfectTests.swift; sourceTree = "<group>"; };
		5779AA201DCC036200F753EC /* Info.plist */ = {isa = PBXFileReference; lastKnownFileType = text.plist.xml; path = Info.plist; sourceTree = "<group>"; };
		5779AA251DCC036200F753EC /* PitchPerfectUITests.xctest */ = {isa = PBXFileReference; explicitFileType = wrapper.cfbundle; includeInIndex = 0; path = PitchPerfectUITests.xctest; sourceTree = BUILT_PRODUCTS_DIR; };
		5779AA291DCC036200F753EC /* PitchPerfectUITests.swift */ = {isa = PBXFileReference; lastKnownFileType = sourcecode.swift; path = PitchPerfectUITests.swift; sourceTree = "<group>"; };
		5779AA2B1DCC036200F753EC /* Info.plist */ = {isa = PBXFileReference; lastKnownFileType = text.plist.xml; path = Info.plist; sourceTree = "<group>"; };
		57AFDDFB1DCDD59900E07577 /* PlaySoundsViewController.swift */ = {isa = PBXFileReference; fileEncoding = 4; lastKnownFileType = sourcecode.swift; path = PlaySoundsViewController.swift; sourceTree = "<group>"; };
		57AFDDFD1DCDE7B500E07577 /* playsoundsviewcontroller-audio.swift */ = {isa = PBXFileReference; fileEncoding = 4; lastKnownFileType = sourcecode.swift; path = "playsoundsviewcontroller-audio.swift"; sourceTree = "<group>"; };
/* End PBXFileReference section */

/* Begin PBXFrameworksBuildPhase section */
		5779AA031DCC036100F753EC /* Frameworks */ = {
			isa = PBXFrameworksBuildPhase;
			buildActionMask = 2147483647;
			files = (
			);
			runOnlyForDeploymentPostprocessing = 0;
		};
		5779AA171DCC036200F753EC /* Frameworks */ = {
			isa = PBXFrameworksBuildPhase;
			buildActionMask = 2147483647;
			files = (
			);
			runOnlyForDeploymentPostprocessing = 0;
		};
		5779AA221DCC036200F753EC /* Frameworks */ = {
			isa = PBXFrameworksBuildPhase;
			buildActionMask = 2147483647;
			files = (
			);
			runOnlyForDeploymentPostprocessing = 0;
		};
/* End PBXFrameworksBuildPhase section */

/* Begin PBXGroup section */
		5779A9FD1DCC036100F753EC = {
			isa = PBXGroup;
			children = (
				5779AA081DCC036100F753EC /* PitchPerfect */,
				5779AA1D1DCC036200F753EC /* PitchPerfectTests */,
				5779AA281DCC036200F753EC /* PitchPerfectUITests */,
				5779AA071DCC036100F753EC /* Products */,
			);
			sourceTree = "<group>";
		};
		5779AA071DCC036100F753EC /* Products */ = {
			isa = PBXGroup;
			children = (
				5779AA061DCC036100F753EC /* PitchPerfect.app */,
				5779AA1A1DCC036200F753EC /* PitchPerfectTests.xctest */,
				5779AA251DCC036200F753EC /* PitchPerfectUITests.xctest */,
			);
			name = Products;
			sourceTree = "<group>";
		};
		5779AA081DCC036100F753EC /* PitchPerfect */ = {
			isa = PBXGroup;
			children = (
				5779AA091DCC036200F753EC /* AppDelegate.swift */,
				5779AA0B1DCC036200F753EC /* RecordSoundsViewController.swift */,
				57AFDDFB1DCDD59900E07577 /* PlaySoundsViewController.swift */,
				57AFDDFD1DCDE7B500E07577 /* playsoundsviewcontroller-audio.swift */,
				5779AA0D1DCC036200F753EC /* Main.storyboard */,
				5779AA101DCC036200F753EC /* Assets.xcassets */,
				5779AA121DCC036200F753EC /* LaunchScreen.storyboard */,
				5779AA151DCC036200F753EC /* Info.plist */,
			);
			path = PitchPerfect;
			sourceTree = "<group>";
		};
		5779AA1D1DCC036200F753EC /* PitchPerfectTests */ = {
			isa = PBXGroup;
			children = (
				5779AA1E1DCC036200F753EC /* PitchPerfectTests.swift */,
				5779AA201DCC036200F753EC /* Info.plist */,
			);
			path = PitchPerfectTests;
			sourceTree = "<group>";
		};
		5779AA281DCC036200F753EC /* PitchPerfectUITests */ = {
			isa = PBXGroup;
			children = (
				5779AA291DCC036200F753EC /* PitchPerfectUITests.swift */,
				5779AA2B1DCC036200F753EC /* Info.plist */,
			);
			path = PitchPerfectUITests;
			sourceTree = "<group>";
		};
/* End PBXGroup section */

/* Begin PBXNativeTarget section */
		5779AA051DCC036100F753EC /* PitchPerfect */ = {
			isa = PBXNativeTarget;
			buildConfigurationList = 5779AA2E1DCC036200F753EC /* Build configuration list for PBXNativeTarget "PitchPerfect" */;
			buildPhases = (
				5779AA021DCC036100F753EC /* Sources */,
				5779AA031DCC036100F753EC /* Frameworks */,
				5779AA041DCC036100F753EC /* Resources */,
			);
			buildRules = (
			);
			dependencies = (
			);
			name = PitchPerfect;
			productName = PitchPerfect;
			productReference = 5779AA061DCC036100F753EC /* PitchPerfect.app */;
			productType = "com.apple.product-type.application";
		};
		5779AA191DCC036200F753EC /* PitchPerfectTests */ = {
			isa = PBXNativeTarget;
			buildConfigurationList = 5779AA311DCC036200F753EC /* Build configuration list for PBXNativeTarget "PitchPerfectTests" */;
			buildPhases = (
				5779AA161DCC036200F753EC /* Sources */,
				5779AA171DCC036200F753EC /* Frameworks */,
				5779AA181DCC036200F753EC /* Resources */,
			);
			buildRules = (
			);
			dependencies = (
				5779AA1C1DCC036200F753EC /* PBXTargetDependency */,
			);
			name = PitchPerfectTests;
			productName = PitchPerfectTests;
			productReference = 5779AA1A1DCC036200F753EC /* PitchPerfectTests.xctest */;
			productType = "com.apple.product-type.bundle.unit-test";
		};
		5779AA241DCC036200F753EC /* PitchPerfectUITests */ = {
			isa = PBXNativeTarget;
			buildConfigurationList = 5779AA341DCC036200F753EC /* Build configuration list for PBXNativeTarget "PitchPerfectUITests" */;
			buildPhases = (
				5779AA211DCC036200F753EC /* Sources */,
				5779AA221DCC036200F753EC /* Frameworks */,
				5779AA231DCC036200F753EC /* Resources */,
			);
			buildRules = (
			);
			dependencies = (
				5779AA271DCC036200F753EC /* PBXTargetDependency */,
			);
			name = PitchPerfectUITests;
			productName = PitchPerfectUITests;
			productReference = 5779AA251DCC036200F753EC /* PitchPerfectUITests.xctest */;
			productType = "com.apple.product-type.bundle.ui-testing";
		};
/* End PBXNativeTarget section */

/* Begin PBXProject section */
		5779A9FE1DCC036100F753EC /* Project object */ = {
			isa = PBXProject;
			attributes = {
				LastSwiftUpdateCheck = 0800;
				LastUpgradeCheck = 0800;
				ORGANIZATIONNAME = EricTsui;
				TargetAttributes = {
					5779AA051DCC036100F753EC = {
						CreatedOnToolsVersion = 8.0;
						ProvisioningStyle = Automatic;
					};
					5779AA191DCC036200F753EC = {
						CreatedOnToolsVersion = 8.0;
						ProvisioningStyle = Automatic;
						TestTargetID = 5779AA051DCC036100F753EC;
					};
					5779AA241DCC036200F753EC = {
						CreatedOnToolsVersion = 8.0;
						ProvisioningStyle = Automatic;
						TestTargetID = 5779AA051DCC036100F753EC;
					};
				};
			};
			buildConfigurationList = 5779AA011DCC036100F753EC /* Build configuration list for PBXProject "PitchPerfect" */;
			compatibilityVersion = "Xcode 3.2";
			developmentRegion = English;
			hasScannedForEncodings = 0;
			knownRegions = (
				en,
				Base,
			);
			mainGroup = 5779A9FD1DCC036100F753EC;
			productRefGroup = 5779AA071DCC036100F753EC /* Products */;
			projectDirPath = "";
			projectRoot = "";
			targets = (
				5779AA051DCC036100F753EC /* PitchPerfect */,
				5779AA191DCC036200F753EC /* PitchPerfectTests */,
				5779AA241DCC036200F753EC /* PitchPerfectUITests */,
			);
		};
/* End PBXProject section */

/* Begin PBXResourcesBuildPhase section */
		5779AA041DCC036100F753EC /* Resources */ = {
			isa = PBXResourcesBuildPhase;
			buildActionMask = 2147483647;
			files = (
				5779AA141DCC036200F753EC /* LaunchScreen.storyboard in Resources */,
				5779AA111DCC036200F753EC /* Assets.xcassets in Resources */,
				5779AA0F1DCC036200F753EC /* Main.storyboard in Resources */,
			);
			runOnlyForDeploymentPostprocessing = 0;
		};
		5779AA181DCC036200F753EC /* Resources */ = {
			isa = PBXResourcesBuildPhase;
			buildActionMask = 2147483647;
			files = (
			);
			runOnlyForDeploymentPostprocessing = 0;
		};
		5779AA231DCC036200F753EC /* Resources */ = {
			isa = PBXResourcesBuildPhase;
			buildActionMask = 2147483647;
			files = (
			);
			runOnlyForDeploymentPostprocessing = 0;
		};
/* End PBXResourcesBuildPhase section */

/* Begin PBXSourcesBuildPhase section */
		5779AA021DCC036100F753EC /* Sources */ = {
			isa = PBXSourcesBuildPhase;
			buildActionMask = 2147483647;
			files = (
				5779AA0C1DCC036200F753EC /* RecordSoundsViewController.swift in Sources */,
				57AFDDFC1DCDD59900E07577 /* PlaySoundsViewController.swift in Sources */,
				5779AA0A1DCC036200F753EC /* AppDelegate.swift in Sources */,
				57AFDDFE1DCDE7B500E07577 /* playsoundsviewcontroller-audio.swift in Sources */,
			);
			runOnlyForDeploymentPostprocessing = 0;
		};
		5779AA161DCC036200F753EC /* Sources */ = {
			isa = PBXSourcesBuildPhase;
			buildActionMask = 2147483647;
			files = (
				5779AA1F1DCC036200F753EC /* PitchPerfectTests.swift in Sources */,
			);
			runOnlyForDeploymentPostprocessing = 0;
		};
		5779AA211DCC036200F753EC /* Sources */ = {
			isa = PBXSourcesBuildPhase;
			buildActionMask = 2147483647;
			files = (
				5779AA2A1DCC036200F753EC /* PitchPerfectUITests.swift in Sources */,
			);
			runOnlyForDeploymentPostprocessing = 0;
		};
/* End PBXSourcesBuildPhase section */

/* Begin PBXTargetDependency section */
		5779AA1C1DCC036200F753EC /* PBXTargetDependency */ = {
			isa = PBXTargetDependency;
			target = 5779AA051DCC036100F753EC /* PitchPerfect */;
			targetProxy = 5779AA1B1DCC036200F753EC /* PBXContainerItemProxy */;
		};
		5779AA271DCC036200F753EC /* PBXTargetDependency */ = {
			isa = PBXTargetDependency;
			target = 5779AA051DCC036100F753EC /* PitchPerfect */;
			targetProxy = 5779AA261DCC036200F753EC /* PBXContainerItemProxy */;
		};
/* End PBXTargetDependency section */

/* Begin PBXVariantGroup section */
		5779AA0D1DCC036200F753EC /* Main.storyboard */ = {
			isa = PBXVariantGroup;
			children = (
				5779AA0E1DCC036200F753EC /* Base */,
			);
			name = Main.storyboard;
			sourceTree = "<group>";
		};
		5779AA121DCC036200F753EC /* LaunchScreen.storyboard */ = {
			isa = PBXVariantGroup;
			children = (
				5779AA131DCC036200F753EC /* Base */,
			);
			name = LaunchScreen.storyboard;
			sourceTree = "<group>";
		};
/* End PBXVariantGroup section */

/* Begin XCBuildConfiguration section */
		5779AA2C1DCC036200F753EC /* Debug */ = {
			isa = XCBuildConfiguration;
			buildSettings = {
				ALWAYS_SEARCH_USER_PATHS = NO;
				CLANG_ANALYZER_NONNULL = YES;
				CLANG_CXX_LANGUAGE_STANDARD = "gnu++0x";
				CLANG_CXX_LIBRARY = "libc++";
				CLANG_ENABLE_MODULES = YES;
				CLANG_ENABLE_OBJC_ARC = YES;
				CLANG_WARN_BOOL_CONVERSION = YES;
				CLANG_WARN_CONSTANT_CONVERSION = YES;
				CLANG_WARN_DIRECT_OBJC_ISA_USAGE = YES_ERROR;
				CLANG_WARN_DOCUMENTATION_COMMENTS = YES;
				CLANG_WARN_EMPTY_BODY = YES;
				CLANG_WARN_ENUM_CONVERSION = YES;
				CLANG_WARN_INFINITE_RECURSION = YES;
				CLANG_WARN_INT_CONVERSION = YES;
				CLANG_WARN_OBJC_ROOT_CLASS = YES_ERROR;
				CLANG_WARN_SUSPICIOUS_MOVES = YES;
				CLANG_WARN_UNREACHABLE_CODE = YES;
				CLANG_WARN__DUPLICATE_METHOD_MATCH = YES;
				"CODE_SIGN_IDENTITY[sdk=iphoneos*]" = "iPhone Developer";
				COPY_PHASE_STRIP = NO;
				DEBUG_INFORMATION_FORMAT = dwarf;
				ENABLE_STRICT_OBJC_MSGSEND = YES;
				ENABLE_TESTABILITY = YES;
				GCC_C_LANGUAGE_STANDARD = gnu99;
				GCC_DYNAMIC_NO_PIC = NO;
				GCC_NO_COMMON_BLOCKS = YES;
				GCC_OPTIMIZATION_LEVEL = 0;
				GCC_PREPROCESSOR_DEFINITIONS = (
					"DEBUG=1",
					"$(inherited)",
				);
				GCC_WARN_64_TO_32_BIT_CONVERSION = YES;
				GCC_WARN_ABOUT_RETURN_TYPE = YES_ERROR;
				GCC_WARN_UNDECLARED_SELECTOR = YES;
				GCC_WARN_UNINITIALIZED_AUTOS = YES_AGGRESSIVE;
				GCC_WARN_UNUSED_FUNCTION = YES;
				GCC_WARN_UNUSED_VARIABLE = YES;
				IPHONEOS_DEPLOYMENT_TARGET = 10.0;
				MTL_ENABLE_DEBUG_INFO = YES;
				ONLY_ACTIVE_ARCH = YES;
				SDKROOT = iphoneos;
				SWIFT_ACTIVE_COMPILATION_CONDITIONS = DEBUG;
				SWIFT_OPTIMIZATION_LEVEL = "-Onone";
				TARGETED_DEVICE_FAMILY = "1,2";
			};
			name = Debug;
		};
		5779AA2D1DCC036200F753EC /* Release */ = {
			isa = XCBuildConfiguration;
			buildSettings = {
				ALWAYS_SEARCH_USER_PATHS = NO;
				CLANG_ANALYZER_NONNULL = YES;
				CLANG_CXX_LANGUAGE_STANDARD = "gnu++0x";
				CLANG_CXX_LIBRARY = "libc++";
				CLANG_ENABLE_MODULES = YES;
				CLANG_ENABLE_OBJC_ARC = YES;
				CLANG_WARN_BOOL_CONVERSION = YES;
				CLANG_WARN_CONSTANT_CONVERSION = YES;
				CLANG_WARN_DIRECT_OBJC_ISA_USAGE = YES_ERROR;
				CLANG_WARN_DOCUMENTATION_COMMENTS = YES;
				CLANG_WARN_EMPTY_BODY = YES;
				CLANG_WARN_ENUM_CONVERSION = YES;
				CLANG_WARN_INFINITE_RECURSION = YES;
				CLANG_WARN_INT_CONVERSION = YES;
				CLANG_WARN_OBJC_ROOT_CLASS = YES_ERROR;
				CLANG_WARN_SUSPICIOUS_MOVES = YES;
				CLANG_WARN_UNREACHABLE_CODE = YES;
				CLANG_WARN__DUPLICATE_METHOD_MATCH = YES;
				"CODE_SIGN_IDENTITY[sdk=iphoneos*]" = "iPhone Developer";
				COPY_PHASE_STRIP = NO;
				DEBUG_INFORMATION_FORMAT = "dwarf-with-dsym";
				ENABLE_NS_ASSERTIONS = NO;
				ENABLE_STRICT_OBJC_MSGSEND = YES;
				GCC_C_LANGUAGE_STANDARD = gnu99;
				GCC_NO_COMMON_BLOCKS = YES;
				GCC_WARN_64_TO_32_BIT_CONVERSION = YES;
				GCC_WARN_ABOUT_RETURN_TYPE = YES_ERROR;
				GCC_WARN_UNDECLARED_SELECTOR = YES;
				GCC_WARN_UNINITIALIZED_AUTOS = YES_AGGRESSIVE;
				GCC_WARN_UNUSED_FUNCTION = YES;
				GCC_WARN_UNUSED_VARIABLE = YES;
				IPHONEOS_DEPLOYMENT_TARGET = 10.0;
				MTL_ENABLE_DEBUG_INFO = NO;
				SDKROOT = iphoneos;
				SWIFT_OPTIMIZATION_LEVEL = "-Owholemodule";
				TARGETED_DEVICE_FAMILY = "1,2";
				VALIDATE_PRODUCT = YES;
			};
			name = Release;
		};
		5779AA2F1DCC036200F753EC /* Debug */ = {
			isa = XCBuildConfiguration;
			buildSettings = {
				ASSETCATALOG_COMPILER_APPICON_NAME = AppIcon;
				INFOPLIST_FILE = PitchPerfect/Info.plist;
				LD_RUNPATH_SEARCH_PATHS = "$(inherited) @executable_path/Frameworks";
				PRODUCT_BUNDLE_IDENTIFIER = com.letswift.PitchPerfect;
				PRODUCT_NAME = "$(TARGET_NAME)";
				SWIFT_VERSION = 3.0;
			};
			name = Debug;
		};
		5779AA301DCC036200F753EC /* Release */ = {
			isa = XCBuildConfiguration;
			buildSettings = {
				ASSETCATALOG_COMPILER_APPICON_NAME = AppIcon;
				INFOPLIST_FILE = PitchPerfect/Info.plist;
				LD_RUNPATH_SEARCH_PATHS = "$(inherited) @executable_path/Frameworks";
				PRODUCT_BUNDLE_IDENTIFIER = com.letswift.PitchPerfect;
				PRODUCT_NAME = "$(TARGET_NAME)";
				SWIFT_VERSION = 3.0;
			};
			name = Release;
		};
		5779AA321DCC036200F753EC /* Debug */ = {
			isa = XCBuildConfiguration;
			buildSettings = {
				ALWAYS_EMBED_SWIFT_STANDARD_LIBRARIES = YES;
				BUNDLE_LOADER = "$(TEST_HOST)";
				INFOPLIST_FILE = PitchPerfectTests/Info.plist;
				LD_RUNPATH_SEARCH_PATHS = "$(inherited) @executable_path/Frameworks @loader_path/Frameworks";
				PRODUCT_BUNDLE_IDENTIFIER = com.letswift.PitchPerfectTests;
				PRODUCT_NAME = "$(TARGET_NAME)";
				SWIFT_VERSION = 3.0;
				TEST_HOST = "$(BUILT_PRODUCTS_DIR)/PitchPerfect.app/PitchPerfect";
			};
			name = Debug;
		};
		5779AA331DCC036200F753EC /* Release */ = {
			isa = XCBuildConfiguration;
			buildSettings = {
				ALWAYS_EMBED_SWIFT_STANDARD_LIBRARIES = YES;
				BUNDLE_LOADER = "$(TEST_HOST)";
				INFOPLIST_FILE = PitchPerfectTests/Info.plist;
				LD_RUNPATH_SEARCH_PATHS = "$(inherited) @executable_path/Frameworks @loader_path/Frameworks";
				PRODUCT_BUNDLE_IDENTIFIER = com.letswift.PitchPerfectTests;
				PRODUCT_NAME = "$(TARGET_NAME)";
				SWIFT_VERSION = 3.0;
				TEST_HOST = "$(BUILT_PRODUCTS_DIR)/PitchPerfect.app/PitchPerfect";
			};
			name = Release;
		};
		5779AA351DCC036200F753EC /* Debug */ = {
			isa = XCBuildConfiguration;
			buildSettings = {
				ALWAYS_EMBED_SWIFT_STANDARD_LIBRARIES = YES;
				INFOPLIST_FILE = PitchPerfectUITests/Info.plist;
				LD_RUNPATH_SEARCH_PATHS = "$(inherited) @executable_path/Frameworks @loader_path/Frameworks";
				PRODUCT_BUNDLE_IDENTIFIER = com.letswift.PitchPerfectUITests;
				PRODUCT_NAME = "$(TARGET_NAME)";
				SWIFT_VERSION = 3.0;
				TEST_TARGET_NAME = PitchPerfect;
			};
			name = Debug;
		};
		5779AA361DCC036200F753EC /* Release */ = {
			isa = XCBuildConfiguration;
			buildSettings = {
				ALWAYS_EMBED_SWIFT_STANDARD_LIBRARIES = YES;
				INFOPLIST_FILE = PitchPerfectUITests/Info.plist;
				LD_RUNPATH_SEARCH_PATHS = "$(inherited) @executable_path/Frameworks @loader_path/Frameworks";
				PRODUCT_BUNDLE_IDENTIFIER = com.letswift.PitchPerfectUITests;
				PRODUCT_NAME = "$(TARGET_NAME)";
				SWIFT_VERSION = 3.0;
				TEST_TARGET_NAME = PitchPerfect;
			};
			name = Release;
		};
/* End XCBuildConfiguration section */

/* Begin XCConfigurationList section */
		5779AA011DCC036100F753EC /* Build configuration list for PBXProject "PitchPerfect" */ = {
			isa = XCConfigurationList;
			buildConfigurations = (
				5779AA2C1DCC036200F753EC /* Debug */,
				5779AA2D1DCC036200F753EC /* Release */,
			);
			defaultConfigurationIsVisible = 0;
			defaultConfigurationName = Release;
		};
		5779AA2E1DCC036200F753EC /* Build configuration list for PBXNativeTarget "PitchPerfect" */ = {
			isa = XCConfigurationList;
			buildConfigurations = (
				5779AA2F1DCC036200F753EC /* Debug */,
				5779AA301DCC036200F753EC /* Release */,
			);
			defaultConfigurationIsVisible = 0;
			defaultConfigurationName = Release;
		};
		5779AA311DCC036200F753EC /* Build configuration list for PBXNativeTarget "PitchPerfectTests" */ = {
			isa = XCConfigurationList;
			buildConfigurations = (
				5779AA321DCC036200F753EC /* Debug */,
				5779AA331DCC036200F753EC /* Release */,
			);
			defaultConfigurationIsVisible = 0;
			defaultConfigurationName = Release;
		};
		5779AA341DCC036200F753EC /* Build configuration list for PBXNativeTarget "PitchPerfectUITests" */ = {
			isa = XCConfigurationList;
			buildConfigurations = (
				5779AA351DCC036200F753EC /* Debug */,
				5779AA361DCC036200F753EC /* Release */,
			);
			defaultConfigurationIsVisible = 0;
			defaultConfigurationName = Release;
		};
/* End XCConfigurationList section */
	};
	rootObject = 5779A9FE1DCC036100F753EC /* Project object */;
}
